{
  "name": "anonace",
  "version": "2.4.7",
  "lockfileVersion": 2,
  "requires": true,
  "packages": {
    "": {
      "name": "anonace",
      "version": "2.4.7",
      "license": "Apache-2.0",
      "dependencies": {
        "glize": "latest"
      }
    },
    "node_modules/bytes-formatter": {
      "version": "21.6.4",
      "resolved": "https://registry.npmjs.org/bytes-formatter/-/bytes-formatter-21.6.4.tgz",
      "integrity": "sha512-rbGrwYB580SsCU89MZi9fKPOnNzBH0zt50J9LDSc7UnolfecIhhKQ5TmluKpqQqvgdYm++//6EhldSvAqN58DA=="
    },
    "node_modules/debouncing": {
      "version": "21.6.3",
      "resolved": "https://registry.npmjs.org/debouncing/-/debouncing-21.6.3.tgz",
      "integrity": "sha512-uD6iUT1Xm1lqGKLxfP0nEHSaYFgiJOKI5+AsIwHfem98uwKsYYrQT1ab+h1KFK/kCVsiGB/vLpJr95+3TSNWUw=="
    },
    "node_modules/glize": {
      "version": "21.3.3",
      "resolved": "https://registry.npmjs.org/glize/-/glize-21.3.3.tgz",
      "integrity": "sha512-LMScD5bpPfgObzCGep18F/jcjIQhXySHVTmFcW/JAuwozaca6ButgwZSqb6Aege3+V71A6gL609IkvkErHOx0w==",
      "dependencies": {
        "bytes-formatter": "^21.6.0",
        "debouncing": "^21.6.0"
      }
    }
  },
  "dependencies": {
    "bytes-formatter": {
      "version": "21.6.4",
      "resolved": "https://registry.npmjs.org/bytes-formatter/-/bytes-formatter-21.6.4.tgz",
      "integrity": "sha512-rbGrwYB580SsCU89MZi9fKPOnNzBH0zt50J9LDSc7UnolfecIhhKQ5TmluKpqQqvgdYm++//6EhldSvAqN58DA=="
    },
    "debouncing": {
      "version": "21.6.3",
      "resolved": "https://registry.npmjs.org/debouncing/-/debouncing-21.6.3.tgz",
      "integrity": "sha512-uD6iUT1Xm1lqGKLxfP0nEHSaYFgiJOKI5+AsIwHfem98uwKsYYrQT1ab+h1KFK/kCVsiGB/vLpJr95+3TSNWUw=="
    },
    "glize": {
      "version": "21.3.3",
      "resolved": "https://registry.npmjs.org/glize/-/glize-21.3.3.tgz",
      "integrity": "sha512-LMScD5bpPfgObzCGep18F/jcjIQhXySHVTmFcW/JAuwozaca6ButgwZSqb6Aege3+V71A6gL609IkvkErHOx0w==",
      "requires": {
        "bytes-formatter": "^21.6.0",
        "debouncing": "^21.6.0"
      }
    }
  }
}
