{
  "name": "anonace",
  "version": "2.4.7",
  "lockfileVersion": 2,
  "requires": true,
  "packages": {
    "": {
      "name": "anonace",
      "version": "2.4.7",
      "license": "Apache-2.0",
      "dependencies": {
        "glize": "^21.2.2"
      }
    },
    "node_modules/glize": {
      "version": "21.2.2",
      "resolved": "https://registry.npmjs.org/glize/-/glize-21.2.2.tgz",
      "integrity": "sha512-8oB1LYtLjX7tCNV6Mo8Ffb3gbXeH3iPa61Pwd9qe+sEq5NN//XcTS49lBTeGvznxjguhFFBKT3HIZZBj0N7opg==",
      "license": "Apache-2.0"
    }
  },
  "dependencies": {
    "glize": {
      "version": "21.2.2",
      "resolved": "https://registry.npmjs.org/glize/-/glize-21.2.2.tgz",
      "integrity": "sha512-8oB1LYtLjX7tCNV6Mo8Ffb3gbXeH3iPa61Pwd9qe+sEq5NN//XcTS49lBTeGvznxjguhFFBKT3HIZZBj0N7opg=="
    }
  }
}
